// !$*UTF8*$!
{
	archiveVersion = 1;
	classes = {
	};
	objectVersion = 50;
	objects = {

/* Begin PBXBuildFile section */
		C8792DA123B3505000B3BF39 /* AppDelegate.swift in Sources */ = {isa = PBXBuildFile; fileRef = C8792DA023B3505000B3BF39 /* AppDelegate.swift */; };
		C8792DA323B3505000B3BF39 /* SceneDelegate.swift in Sources */ = {isa = PBXBuildFile; fileRef = C8792DA223B3505000B3BF39 /* SceneDelegate.swift */; };
		C8792DA523B3505000B3BF39 /* ViewController.swift in Sources */ = {isa = PBXBuildFile; fileRef = C8792DA423B3505000B3BF39 /* ViewController.swift */; };
		C8792DA823B3505000B3BF39 /* Main.storyboard in Resources */ = {isa = PBXBuildFile; fileRef = C8792DA623B3505000B3BF39 /* Main.storyboard */; };
		C8792DAA23B3505100B3BF39 /* Assets.xcassets in Resources */ = {isa = PBXBuildFile; fileRef = C8792DA923B3505100B3BF39 /* Assets.xcassets */; };
		C8792DAD23B3505100B3BF39 /* LaunchScreen.storyboard in Resources */ = {isa = PBXBuildFile; fileRef = C8792DAB23B3505100B3BF39 /* LaunchScreen.storyboard */; };
		C8792DB823B3505100B3BF39 /* ReaderTests.swift in Sources */ = {isa = PBXBuildFile; fileRef = C8792DB723B3505100B3BF39 /* ReaderTests.swift */; };
		C8792DC323B3505100B3BF39 /* ReaderUITests.swift in Sources */ = {isa = PBXBuildFile; fileRef = C8792DC223B3505100B3BF39 /* ReaderUITests.swift */; };
/* End PBXBuildFile section */

/* Begin PBXContainerItemProxy section */
		C8792DB423B3505100B3BF39 /* PBXContainerItemProxy */ = {
			isa = PBXContainerItemProxy;
			containerPortal = C8792D9523B3505000B3BF39 /* Project object */;
			proxyType = 1;
			remoteGlobalIDString = C8792D9C23B3505000B3BF39;
			remoteInfo = Reader;
		};
		C8792DBF23B3505100B3BF39 /* PBXContainerItemProxy */ = {
			isa = PBXContainerItemProxy;
			containerPortal = C8792D9523B3505000B3BF39 /* Project object */;
			proxyType = 1;
			remoteGlobalIDString = C8792D9C23B3505000B3BF39;
			remoteInfo = Reader;
		};
/* End PBXContainerItemProxy section */

/* Begin PBXFileReference section */
		C8792D9D23B3505000B3BF39 /* Reader.app */ = {isa = PBXFileReference; explicitFileType = wrapper.application; includeInIndex = 0; path = Reader.app; sourceTree = BUILT_PRODUCTS_DIR; };
		C8792DA023B3505000B3BF39 /* AppDelegate.swift */ = {isa = PBXFileReference; lastKnownFileType = sourcecode.swift; path = AppDelegate.swift; sourceTree = "<group>"; };
		C8792DA223B3505000B3BF39 /* SceneDelegate.swift */ = {isa = PBXFileReference; lastKnownFileType = sourcecode.swift; path = SceneDelegate.swift; sourceTree = "<group>"; };
		C8792DA423B3505000B3BF39 /* ViewController.swift */ = {isa = PBXFileReference; lastKnownFileType = sourcecode.swift; path = ViewController.swift; sourceTree = "<group>"; };
		C8792DA723B3505000B3BF39 /* Base */ = {isa = PBXFileReference; lastKnownFileType = file.storyboard; name = Base; path = Base.lproj/Main.storyboard; sourceTree = "<group>"; };
		C8792DA923B3505100B3BF39 /* Assets.xcassets */ = {isa = PBXFileReference; lastKnownFileType = folder.assetcatalog; path = Assets.xcassets; sourceTree = "<group>"; };
		C8792DAC23B3505100B3BF39 /* Base */ = {isa = PBXFileReference; lastKnownFileType = file.storyboard; name = Base; path = Base.lproj/LaunchScreen.storyboard; sourceTree = "<group>"; };
		C8792DAE23B3505100B3BF39 /* Info.plist */ = {isa = PBXFileReference; lastKnownFileType = text.plist.xml; path = Info.plist; sourceTree = "<group>"; };
		C8792DB323B3505100B3BF39 /* ReaderTests.xctest */ = {isa = PBXFileReference; explicitFileType = wrapper.cfbundle; includeInIndex = 0; path = ReaderTests.xctest; sourceTree = BUILT_PRODUCTS_DIR; };
		C8792DB723B3505100B3BF39 /* ReaderTests.swift */ = {isa = PBXFileReference; lastKnownFileType = sourcecode.swift; path = ReaderTests.swift; sourceTree = "<group>"; };
		C8792DB923B3505100B3BF39 /* Info.plist */ = {isa = PBXFileReference; lastKnownFileType = text.plist.xml; path = Info.plist; sourceTree = "<group>"; };
		C8792DBE23B3505100B3BF39 /* ReaderUITests.xctest */ = {isa = PBXFileReference; explicitFileType = wrapper.cfbundle; includeInIndex = 0; path = ReaderUITests.xctest; sourceTree = BUILT_PRODUCTS_DIR; };
		C8792DC223B3505100B3BF39 /* ReaderUITests.swift */ = {isa = PBXFileReference; lastKnownFileType = sourcecode.swift; path = ReaderUITests.swift; sourceTree = "<group>"; };
		C8792DC423B3505100B3BF39 /* Info.plist */ = {isa = PBXFileReference; lastKnownFileType = text.plist.xml; path = Info.plist; sourceTree = "<group>"; };
/* End PBXFileReference section */

/* Begin PBXFrameworksBuildPhase section */
		C8792D9A23B3505000B3BF39 /* Frameworks */ = {
			isa = PBXFrameworksBuildPhase;
			buildActionMask = 2147483647;
			files = (
			);
			runOnlyForDeploymentPostprocessing = 0;
		};
		C8792DB023B3505100B3BF39 /* Frameworks */ = {
			isa = PBXFrameworksBuildPhase;
			buildActionMask = 2147483647;
			files = (
			);
			runOnlyForDeploymentPostprocessing = 0;
		};
		C8792DBB23B3505100B3BF39 /* Frameworks */ = {
			isa = PBXFrameworksBuildPhase;
			buildActionMask = 2147483647;
			files = (
			);
			runOnlyForDeploymentPostprocessing = 0;
		};
/* End PBXFrameworksBuildPhase section */

/* Begin PBXGroup section */
		C8792D9423B3505000B3BF39 = {
			isa = PBXGroup;
			children = (
				C8792D9F23B3505000B3BF39 /* Reader */,
				C8792DB623B3505100B3BF39 /* ReaderTests */,
				C8792DC123B3505100B3BF39 /* ReaderUITests */,
				C8792D9E23B3505000B3BF39 /* Products */,
			);
			sourceTree = "<group>";
		};
		C8792D9E23B3505000B3BF39 /* Products */ = {
			isa = PBXGroup;
			children = (
				C8792D9D23B3505000B3BF39 /* Reader.app */,
				C8792DB323B3505100B3BF39 /* ReaderTests.xctest */,
				C8792DBE23B3505100B3BF39 /* ReaderUITests.xctest */,
			);
			name = Products;
			sourceTree = "<group>";
		};
		C8792D9F23B3505000B3BF39 /* Reader */ = {
			isa = PBXGroup;
			children = (
				C8792DA023B3505000B3BF39 /* AppDelegate.swift */,
				C8792DA223B3505000B3BF39 /* SceneDelegate.swift */,
				C8792DA423B3505000B3BF39 /* ViewController.swift */,
				C8792DA623B3505000B3BF39 /* Main.storyboard */,
				C8792DA923B3505100B3BF39 /* Assets.xcassets */,
				C8792DAB23B3505100B3BF39 /* LaunchScreen.storyboard */,
				C8792DAE23B3505100B3BF39 /* Info.plist */,
			);
			path = Reader;
			sourceTree = "<group>";
		};
		C8792DB623B3505100B3BF39 /* ReaderTests */ = {
			isa = PBXGroup;
			children = (
				C8792DB723B3505100B3BF39 /* ReaderTests.swift */,
				C8792DB923B3505100B3BF39 /* Info.plist */,
			);
			path = ReaderTests;
			sourceTree = "<group>";
		};
		C8792DC123B3505100B3BF39 /* ReaderUITests */ = {
			isa = PBXGroup;
			children = (
				C8792DC223B3505100B3BF39 /* ReaderUITests.swift */,
				C8792DC423B3505100B3BF39 /* Info.plist */,
			);
			path = ReaderUITests;
			sourceTree = "<group>";
		};
/* End PBXGroup section */

/* Begin PBXNativeTarget section */
		C8792D9C23B3505000B3BF39 /* Reader */ = {
			isa = PBXNativeTarget;
			buildConfigurationList = C8792DC723B3505100B3BF39 /* Build configuration list for PBXNativeTarget "Reader" */;
			buildPhases = (
				C8792D9923B3505000B3BF39 /* Sources */,
				C8792D9A23B3505000B3BF39 /* Frameworks */,
				C8792D9B23B3505000B3BF39 /* Resources */,
			);
			buildRules = (
			);
			dependencies = (
			);
			name = Reader;
			productName = Reader;
			productReference = C8792D9D23B3505000B3BF39 /* Reader.app */;
			productType = "com.apple.product-type.application";
		};
		C8792DB223B3505100B3BF39 /* ReaderTests */ = {
			isa = PBXNativeTarget;
			buildConfigurationList = C8792DCA23B3505100B3BF39 /* Build configuration list for PBXNativeTarget "ReaderTests" */;
			buildPhases = (
				C8792DAF23B3505100B3BF39 /* Sources */,
				C8792DB023B3505100B3BF39 /* Frameworks */,
				C8792DB123B3505100B3BF39 /* Resources */,
			);
			buildRules = (
			);
			dependencies = (
				C8792DB523B3505100B3BF39 /* PBXTargetDependency */,
			);
			name = ReaderTests;
			productName = ReaderTests;
			productReference = C8792DB323B3505100B3BF39 /* ReaderTests.xctest */;
			productType = "com.apple.product-type.bundle.unit-test";
		};
		C8792DBD23B3505100B3BF39 /* ReaderUITests */ = {
			isa = PBXNativeTarget;
			buildConfigurationList = C8792DCD23B3505100B3BF39 /* Build configuration list for PBXNativeTarget "ReaderUITests" */;
			buildPhases = (
				C8792DBA23B3505100B3BF39 /* Sources */,
				C8792DBB23B3505100B3BF39 /* Frameworks */,
				C8792DBC23B3505100B3BF39 /* Resources */,
			);
			buildRules = (
			);
			dependencies = (
				C8792DC023B3505100B3BF39 /* PBXTargetDependency */,
			);
			name = ReaderUITests;
			productName = ReaderUITests;
			productReference = C8792DBE23B3505100B3BF39 /* ReaderUITests.xctest */;
			productType = "com.apple.product-type.bundle.ui-testing";
		};
/* End PBXNativeTarget section */

/* Begin PBXProject section */
		C8792D9523B3505000B3BF39 /* Project object */ = {
			isa = PBXProject;
			attributes = {
				LastSwiftUpdateCheck = 1130;
				LastUpgradeCheck = 1130;
				ORGANIZATIONNAME = "Jorge Gonzalez-Heredia";
				TargetAttributes = {
					C8792D9C23B3505000B3BF39 = {
						CreatedOnToolsVersion = 11.3;
					};
					C8792DB223B3505100B3BF39 = {
						CreatedOnToolsVersion = 11.3;
						TestTargetID = C8792D9C23B3505000B3BF39;
					};
					C8792DBD23B3505100B3BF39 = {
						CreatedOnToolsVersion = 11.3;
						TestTargetID = C8792D9C23B3505000B3BF39;
					};
				};
			};
			buildConfigurationList = C8792D9823B3505000B3BF39 /* Build configuration list for PBXProject "Reader" */;
			compatibilityVersion = "Xcode 9.3";
			developmentRegion = en;
			hasScannedForEncodings = 0;
			knownRegions = (
				en,
				Base,
			);
			mainGroup = C8792D9423B3505000B3BF39;
			productRefGroup = C8792D9E23B3505000B3BF39 /* Products */;
			projectDirPath = "";
			projectRoot = "";
			targets = (
				C8792D9C23B3505000B3BF39 /* Reader */,
				C8792DB223B3505100B3BF39 /* ReaderTests */,
				C8792DBD23B3505100B3BF39 /* ReaderUITests */,
			);
		};
/* End PBXProject section */

/* Begin PBXResourcesBuildPhase section */
		C8792D9B23B3505000B3BF39 /* Resources */ = {
			isa = PBXResourcesBuildPhase;
			buildActionMask = 2147483647;
			files = (
				C8792DAD23B3505100B3BF39 /* LaunchScreen.storyboard in Resources */,
				C8792DAA23B3505100B3BF39 /* Assets.xcassets in Resources */,
				C8792DA823B3505000B3BF39 /* Main.storyboard in Resources */,
			);
			runOnlyForDeploymentPostprocessing = 0;
		};
		C8792DB123B3505100B3BF39 /* Resources */ = {
			isa = PBXResourcesBuildPhase;
			buildActionMask = 2147483647;
			files = (
			);
			runOnlyForDeploymentPostprocessing = 0;
		};
		C8792DBC23B3505100B3BF39 /* Resources */ = {
			isa = PBXResourcesBuildPhase;
			buildActionMask = 2147483647;
			files = (
			);
			runOnlyForDeploymentPostprocessing = 0;
		};
/* End PBXResourcesBuildPhase section */

/* Begin PBXSourcesBuildPhase section */
		C8792D9923B3505000B3BF39 /* Sources */ = {
			isa = PBXSourcesBuildPhase;
			buildActionMask = 2147483647;
			files = (
				C8792DA523B3505000B3BF39 /* ViewController.swift in Sources */,
				C8792DA123B3505000B3BF39 /* AppDelegate.swift in Sources */,
				C8792DA323B3505000B3BF39 /* SceneDelegate.swift in Sources */,
			);
			runOnlyForDeploymentPostprocessing = 0;
		};
		C8792DAF23B3505100B3BF39 /* Sources */ = {
			isa = PBXSourcesBuildPhase;
			buildActionMask = 2147483647;
			files = (
				C8792DB823B3505100B3BF39 /* ReaderTests.swift in Sources */,
			);
			runOnlyForDeploymentPostprocessing = 0;
		};
		C8792DBA23B3505100B3BF39 /* Sources */ = {
			isa = PBXSourcesBuildPhase;
			buildActionMask = 2147483647;
			files = (
				C8792DC323B3505100B3BF39 /* ReaderUITests.swift in Sources */,
			);
			runOnlyForDeploymentPostprocessing = 0;
		};
/* End PBXSourcesBuildPhase section */

/* Begin PBXTargetDependency section */
		C8792DB523B3505100B3BF39 /* PBXTargetDependency */ = {
			isa = PBXTargetDependency;
			target = C8792D9C23B3505000B3BF39 /* Reader */;
			targetProxy = C8792DB423B3505100B3BF39 /* PBXContainerItemProxy */;
		};
		C8792DC023B3505100B3BF39 /* PBXTargetDependency */ = {
			isa = PBXTargetDependency;
			target = C8792D9C23B3505000B3BF39 /* Reader */;
			targetProxy = C8792DBF23B3505100B3BF39 /* PBXContainerItemProxy */;
		};
/* End PBXTargetDependency section */

/* Begin PBXVariantGroup section */
		C8792DA623B3505000B3BF39 /* Main.storyboard */ = {
			isa = PBXVariantGroup;
			children = (
				C8792DA723B3505000B3BF39 /* Base */,
			);
			name = Main.storyboard;
			sourceTree = "<group>";
		};
		C8792DAB23B3505100B3BF39 /* LaunchScreen.storyboard */ = {
			isa = PBXVariantGroup;
			children = (
				C8792DAC23B3505100B3BF39 /* Base */,
			);
			name = LaunchScreen.storyboard;
			sourceTree = "<group>";
		};
/* End PBXVariantGroup section */

/* Begin XCBuildConfiguration section */
		C8792DC523B3505100B3BF39 /* Debug */ = {
			isa = XCBuildConfiguration;
			buildSettings = {
				ALWAYS_SEARCH_USER_PATHS = NO;
				CLANG_ANALYZER_NONNULL = YES;
				CLANG_ANALYZER_NUMBER_OBJECT_CONVERSION = YES_AGGRESSIVE;
				CLANG_CXX_LANGUAGE_STANDARD = "gnu++14";
				CLANG_CXX_LIBRARY = "libc++";
				CLANG_ENABLE_MODULES = YES;
				CLANG_ENABLE_OBJC_ARC = YES;
				CLANG_ENABLE_OBJC_WEAK = YES;
				CLANG_WARN_BLOCK_CAPTURE_AUTORELEASING = YES;
				CLANG_WARN_BOOL_CONVERSION = YES;
				CLANG_WARN_COMMA = YES;
				CLANG_WARN_CONSTANT_CONVERSION = YES;
				CLANG_WARN_DEPRECATED_OBJC_IMPLEMENTATIONS = YES;
				CLANG_WARN_DIRECT_OBJC_ISA_USAGE = YES_ERROR;
				CLANG_WARN_DOCUMENTATION_COMMENTS = YES;
				CLANG_WARN_EMPTY_BODY = YES;
				CLANG_WARN_ENUM_CONVERSION = YES;
				CLANG_WARN_INFINITE_RECURSION = YES;
				CLANG_WARN_INT_CONVERSION = YES;
				CLANG_WARN_NON_LITERAL_NULL_CONVERSION = YES;
				CLANG_WARN_OBJC_IMPLICIT_RETAIN_SELF = YES;
				CLANG_WARN_OBJC_LITERAL_CONVERSION = YES;
				CLANG_WARN_OBJC_ROOT_CLASS = YES_ERROR;
				CLANG_WARN_RANGE_LOOP_ANALYSIS = YES;
				CLANG_WARN_STRICT_PROTOTYPES = YES;
				CLANG_WARN_SUSPICIOUS_MOVE = YES;
				CLANG_WARN_UNGUARDED_AVAILABILITY = YES_AGGRESSIVE;
				CLANG_WARN_UNREACHABLE_CODE = YES;
				CLANG_WARN__DUPLICATE_METHOD_MATCH = YES;
				COPY_PHASE_STRIP = NO;
				DEBUG_INFORMATION_FORMAT = dwarf;
				ENABLE_STRICT_OBJC_MSGSEND = YES;
				ENABLE_TESTABILITY = YES;
				GCC_C_LANGUAGE_STANDARD = gnu11;
				GCC_DYNAMIC_NO_PIC = NO;
				GCC_NO_COMMON_BLOCKS = YES;
				GCC_OPTIMIZATION_LEVEL = 0;
				GCC_PREPROCESSOR_DEFINITIONS = (
					"DEBUG=1",
					"$(inherited)",
				);
				GCC_WARN_64_TO_32_BIT_CONVERSION = YES;
				GCC_WARN_ABOUT_RETURN_TYPE = YES_ERROR;
				GCC_WARN_UNDECLARED_SELECTOR = YES;
				GCC_WARN_UNINITIALIZED_AUTOS = YES_AGGRESSIVE;
				GCC_WARN_UNUSED_FUNCTION = YES;
				GCC_WARN_UNUSED_VARIABLE = YES;
				IPHONEOS_DEPLOYMENT_TARGET = 13.2;
				MTL_ENABLE_DEBUG_INFO = INCLUDE_SOURCE;
				MTL_FAST_MATH = YES;
				ONLY_ACTIVE_ARCH = YES;
				SDKROOT = iphoneos;
				SWIFT_ACTIVE_COMPILATION_CONDITIONS = DEBUG;
				SWIFT_OPTIMIZATION_LEVEL = "-Onone";
			};
			name = Debug;
		};
		C8792DC623B3505100B3BF39 /* Release */ = {
			isa = XCBuildConfiguration;
			buildSettings = {
				ALWAYS_SEARCH_USER_PATHS = NO;
				CLANG_ANALYZER_NONNULL = YES;
				CLANG_ANALYZER_NUMBER_OBJECT_CONVERSION = YES_AGGRESSIVE;
				CLANG_CXX_LANGUAGE_STANDARD = "gnu++14";
				CLANG_CXX_LIBRARY = "libc++";
				CLANG_ENABLE_MODULES = YES;
				CLANG_ENABLE_OBJC_ARC = YES;
				CLANG_ENABLE_OBJC_WEAK = YES;
				CLANG_WARN_BLOCK_CAPTURE_AUTORELEASING = YES;
				CLANG_WARN_BOOL_CONVERSION = YES;
				CLANG_WARN_COMMA = YES;
				CLANG_WARN_CONSTANT_CONVERSION = YES;
				CLANG_WARN_DEPRECATED_OBJC_IMPLEMENTATIONS = YES;
				CLANG_WARN_DIRECT_OBJC_ISA_USAGE = YES_ERROR;
				CLANG_WARN_DOCUMENTATION_COMMENTS = YES;
				CLANG_WARN_EMPTY_BODY = YES;
				CLANG_WARN_ENUM_CONVERSION = YES;
				CLANG_WARN_INFINITE_RECURSION = YES;
				CLANG_WARN_INT_CONVERSION = YES;
				CLANG_WARN_NON_LITERAL_NULL_CONVERSION = YES;
				CLANG_WARN_OBJC_IMPLICIT_RETAIN_SELF = YES;
				CLANG_WARN_OBJC_LITERAL_CONVERSION = YES;
				CLANG_WARN_OBJC_ROOT_CLASS = YES_ERROR;
				CLANG_WARN_RANGE_LOOP_ANALYSIS = YES;
				CLANG_WARN_STRICT_PROTOTYPES = YES;
				CLANG_WARN_SUSPICIOUS_MOVE = YES;
				CLANG_WARN_UNGUARDED_AVAILABILITY = YES_AGGRESSIVE;
				CLANG_WARN_UNREACHABLE_CODE = YES;
				CLANG_WARN__DUPLICATE_METHOD_MATCH = YES;
				COPY_PHASE_STRIP = NO;
				DEBUG_INFORMATION_FORMAT = "dwarf-with-dsym";
				ENABLE_NS_ASSERTIONS = NO;
				ENABLE_STRICT_OBJC_MSGSEND = YES;
				GCC_C_LANGUAGE_STANDARD = gnu11;
				GCC_NO_COMMON_BLOCKS = YES;
				GCC_WARN_64_TO_32_BIT_CONVERSION = YES;
				GCC_WARN_ABOUT_RETURN_TYPE = YES_ERROR;
				GCC_WARN_UNDECLARED_SELECTOR = YES;
				GCC_WARN_UNINITIALIZED_AUTOS = YES_AGGRESSIVE;
				GCC_WARN_UNUSED_FUNCTION = YES;
				GCC_WARN_UNUSED_VARIABLE = YES;
				IPHONEOS_DEPLOYMENT_TARGET = 13.2;
				MTL_ENABLE_DEBUG_INFO = NO;
				MTL_FAST_MATH = YES;
				SDKROOT = iphoneos;
				SWIFT_COMPILATION_MODE = wholemodule;
				SWIFT_OPTIMIZATION_LEVEL = "-O";
				VALIDATE_PRODUCT = YES;
			};
			name = Release;
		};
		C8792DC823B3505100B3BF39 /* Debug */ = {
			isa = XCBuildConfiguration;
			buildSettings = {
				ASSETCATALOG_COMPILER_APPICON_NAME = AppIcon;
				CODE_SIGN_STYLE = Automatic;
				INFOPLIST_FILE = Reader/Info.plist;
				LD_RUNPATH_SEARCH_PATHS = (
					"$(inherited)",
					"@executable_path/Frameworks",
				);
				PRODUCT_BUNDLE_IDENTIFIER = "heredia-jlg.Reader";
				PRODUCT_NAME = "$(TARGET_NAME)";
				SWIFT_VERSION = 5.0;
				TARGETED_DEVICE_FAMILY = "1,2";
			};
			name = Debug;
		};
		C8792DC923B3505100B3BF39 /* Release */ = {
			isa = XCBuildConfiguration;
			buildSettings = {
				ASSETCATALOG_COMPILER_APPICON_NAME = AppIcon;
				CODE_SIGN_STYLE = Automatic;
				INFOPLIST_FILE = Reader/Info.plist;
				LD_RUNPATH_SEARCH_PATHS = (
					"$(inherited)",
					"@executable_path/Frameworks",
				);
				PRODUCT_BUNDLE_IDENTIFIER = "heredia-jlg.Reader";
				PRODUCT_NAME = "$(TARGET_NAME)";
				SWIFT_VERSION = 5.0;
				TARGETED_DEVICE_FAMILY = "1,2";
			};
			name = Release;
		};
		C8792DCB23B3505100B3BF39 /* Debug */ = {
			isa = XCBuildConfiguration;
			buildSettings = {
				ALWAYS_EMBED_SWIFT_STANDARD_LIBRARIES = YES;
				BUNDLE_LOADER = "$(TEST_HOST)";
				CODE_SIGN_STYLE = Automatic;
				INFOPLIST_FILE = ReaderTests/Info.plist;
				IPHONEOS_DEPLOYMENT_TARGET = 13.2;
				LD_RUNPATH_SEARCH_PATHS = (
					"$(inherited)",
					"@executable_path/Frameworks",
					"@loader_path/Frameworks",
				);
				PRODUCT_BUNDLE_IDENTIFIER = "heredia-jlg.ReaderTests";
				PRODUCT_NAME = "$(TARGET_NAME)";
				SWIFT_VERSION = 5.0;
				TARGETED_DEVICE_FAMILY = "1,2";
				TEST_HOST = "$(BUILT_PRODUCTS_DIR)/Reader.app/Reader";
			};
			name = Debug;
		};
		C8792DCC23B3505100B3BF39 /* Release */ = {
			isa = XCBuildConfiguration;
			buildSettings = {
				ALWAYS_EMBED_SWIFT_STANDARD_LIBRARIES = YES;
				BUNDLE_LOADER = "$(TEST_HOST)";
				CODE_SIGN_STYLE = Automatic;
				INFOPLIST_FILE = ReaderTests/Info.plist;
				IPHONEOS_DEPLOYMENT_TARGET = 13.2;
				LD_RUNPATH_SEARCH_PATHS = (
					"$(inherited)",
					"@executable_path/Frameworks",
					"@loader_path/Frameworks",
				);
				PRODUCT_BUNDLE_IDENTIFIER = "heredia-jlg.ReaderTests";
				PRODUCT_NAME = "$(TARGET_NAME)";
				SWIFT_VERSION = 5.0;
				TARGETED_DEVICE_FAMILY = "1,2";
				TEST_HOST = "$(BUILT_PRODUCTS_DIR)/Reader.app/Reader";
			};
			name = Release;
		};
		C8792DCE23B3505100B3BF39 /* Debug */ = {
			isa = XCBuildConfiguration;
			buildSettings = {
				ALWAYS_EMBED_SWIFT_STANDARD_LIBRARIES = YES;
				CODE_SIGN_STYLE = Automatic;
				INFOPLIST_FILE = ReaderUITests/Info.plist;
				LD_RUNPATH_SEARCH_PATHS = (
					"$(inherited)",
					"@executable_path/Frameworks",
					"@loader_path/Frameworks",
				);
				PRODUCT_BUNDLE_IDENTIFIER = "heredia-jlg.ReaderUITests";
				PRODUCT_NAME = "$(TARGET_NAME)";
				SWIFT_VERSION = 5.0;
				TARGETED_DEVICE_FAMILY = "1,2";
				TEST_TARGET_NAME = Reader;
			};
			name = Debug;
		};
		C8792DCF23B3505100B3BF39 /* Release */ = {
			isa = XCBuildConfiguration;
			buildSettings = {
				ALWAYS_EMBED_SWIFT_STANDARD_LIBRARIES = YES;
				CODE_SIGN_STYLE = Automatic;
				INFOPLIST_FILE = ReaderUITests/Info.plist;
				LD_RUNPATH_SEARCH_PATHS = (
					"$(inherited)",
					"@executable_path/Frameworks",
					"@loader_path/Frameworks",
				);
				PRODUCT_BUNDLE_IDENTIFIER = "heredia-jlg.ReaderUITests";
				PRODUCT_NAME = "$(TARGET_NAME)";
				SWIFT_VERSION = 5.0;
				TARGETED_DEVICE_FAMILY = "1,2";
				TEST_TARGET_NAME = Reader;
			};
			name = Release;
		};
/* End XCBuildConfiguration section */

/* Begin XCConfigurationList section */
		C8792D9823B3505000B3BF39 /* Build configuration list for PBXProject "Reader" */ = {
			isa = XCConfigurationList;
			buildConfigurations = (
				C8792DC523B3505100B3BF39 /* Debug */,
				C8792DC623B3505100B3BF39 /* Release */,
			);
			defaultConfigurationIsVisible = 0;
			defaultConfigurationName = Release;
		};
		C8792DC723B3505100B3BF39 /* Build configuration list for PBXNativeTarget "Reader" */ = {
			isa = XCConfigurationList;
			buildConfigurations = (
				C8792DC823B3505100B3BF39 /* Debug */,
				C8792DC923B3505100B3BF39 /* Release */,
			);
			defaultConfigurationIsVisible = 0;
			defaultConfigurationName = Release;
		};
		C8792DCA23B3505100B3BF39 /* Build configuration list for PBXNativeTarget "ReaderTests" */ = {
			isa = XCConfigurationList;
			buildConfigurations = (
				C8792DCB23B3505100B3BF39 /* Debug */,
				C8792DCC23B3505100B3BF39 /* Release */,
			);
			defaultConfigurationIsVisible = 0;
			defaultConfigurationName = Release;
		};
		C8792DCD23B3505100B3BF39 /* Build configuration list for PBXNativeTarget "ReaderUITests" */ = {
			isa = XCConfigurationList;
			buildConfigurations = (
				C8792DCE23B3505100B3BF39 /* Debug */,
				C8792DCF23B3505100B3BF39 /* Release */,
			);
			defaultConfigurationIsVisible = 0;
			defaultConfigurationName = Release;
		};
/* End XCConfigurationList section */
	};
	rootObject = C8792D9523B3505000B3BF39 /* Project object */;
}
